
Microsoft Visual Studio Solution File, Format Version 12.00
# Visual Studio Version 18
VisualStudioVersion = 18.1.11304.174
MinimumVisualStudioVersion = 10.0.40219.1
Project("{2150E333-8FDC-42A3-9474-1A3956D46DE8}") = ".github", ".github", "{98568DFC-C3F2-493F-B7D3-AB60ADD52109}"
EndProject
Project("{2150E333-8FDC-42A3-9474-1A3956D46DE8}") = "workflows", "workflows", "{3BDD4316-39B9-4397-8A7C-1365AB41744E}"
EndProject
Project("{2150E333-8FDC-42A3-9474-1A3956D46DE8}") = "src", "src", "{1BC93C81-6044-469C-9FBB-686EDE4F9B22}"
EndProject
Project("{2150E333-8FDC-42A3-9474-1A3956D46DE8}") = "tests", "tests", "{B16FF820-6746-4B8A-BD07-5982D5308BEC}"
EndProject
Project("{FAE04EC0-301F-11D3-BF4B-00C04F79EFBC}") = "MyPortfolio.Shared", "src\MyPortfolio.Shared\MyPortfolio.Shared.csproj", "{C3EA6873-C425-4C54-9376-B3F4109422B0}"
EndProject
Project("{FAE04EC0-301F-11D3-BF4B-00C04F79EFBC}") = "MyPortfolio.Maui", "src\MyPortfolio.Maui\MyPortfolio.Maui.csproj", "{58E5FD37-E5AA-4E87-9896-2B4EDCEDDEC7}"
EndProject
Project("{FAE04EC0-301F-11D3-BF4B-00C04F79EFBC}") = "MyPortfolio.Core.Tests", "tests\MyPortfolio.Core.Tests\MyPortfolio.Core.Tests.csproj", "{5BEF888A-15AB-EB41-B3A4-6D1854098DEE}"
EndProject
Project("{FAE04EC0-301F-11D3-BF4B-00C04F79EFBC}") = "MyPortfolio.Core", "src\MyPortfolio.Core\MyPortfolio.Core.csproj", "{8FBA0DC8-721C-82EF-8E19-371640A93E83}"
EndProject
Project("{2150E333-8FDC-42A3-9474-1A3956D46DE8}") = "Solution Items", "Solution Items", "{2F493ED8-BB03-4A75-8A64-18E7BFFA0480}"
	ProjectSection(SolutionItems) = preProject
		docs\FLYIO-DEPLOYMENT.md = docs\FLYIO-DEPLOYMENT.md
		TECHNICAL-DECISIONS-CONSOLIDATED.md = TECHNICAL-DECISIONS-CONSOLIDATED.md
	EndProjectSection
EndProject
Project("{FAE04EC0-301F-11D3-BF4B-00C04F79EFBC}") = "MyPortfolio.Web", "src\MyPortfolio.Web\MyPortfolio.Web.csproj", "{DBFD19E4-A07E-36ED-5D65-CBE95FCC0EF9}"
EndProject
Global
	GlobalSection(SolutionConfigurationPlatforms) = preSolution
		Debug|Any CPU = Debug|Any CPU
		Debug|x64 = Debug|x64
		Debug|x86 = Debug|x86
		Release|Any CPU = Release|Any CPU
		Release|x64 = Release|x64
		Release|x86 = Release|x86
	EndGlobalSection
	GlobalSection(ProjectConfigurationPlatforms) = postSolution
		{C3EA6873-C425-4C54-9376-B3F4109422B0}.Debug|Any CPU.ActiveCfg = Debug|Any CPU
		{C3EA6873-C425-4C54-9376-B3F4109422B0}.Debug|Any CPU.Build.0 = Debug|Any CPU
		{C3EA6873-C425-4C54-9376-B3F4109422B0}.Debug|x64.ActiveCfg = Debug|Any CPU
		{C3EA6873-C425-4C54-9376-B3F4109422B0}.Debug|x64.Build.0 = Debug|Any CPU
		{C3EA6873-C425-4C54-9376-B3F4109422B0}.Debug|x86.ActiveCfg = Debug|Any CPU
		{C3EA6873-C425-4C54-9376-B3F4109422B0}.Debug|x86.Build.0 = Debug|Any CPU
		{C3EA6873-C425-4C54-9376-B3F4109422B0}.Release|Any CPU.ActiveCfg = Release|Any CPU
		{C3EA6873-C425-4C54-9376-B3F4109422B0}.Release|Any CPU.Build.0 = Release|Any CPU
		{C3EA6873-C425-4C54-9376-B3F4109422B0}.Release|x64.ActiveCfg = Release|Any CPU
		{C3EA6873-C425-4C54-9376-B3F4109422B0}.Release|x64.Build.0 = Release|Any CPU
		{C3EA6873-C425-4C54-9376-B3F4109422B0}.Release|x86.ActiveCfg = Release|Any CPU
		{C3EA6873-C425-4C54-9376-B3F4109422B0}.Release|x86.Build.0 = Release|Any CPU
		{58E5FD37-E5AA-4E87-9896-2B4EDCEDDEC7}.Debug|Any CPU.ActiveCfg = Debug|Any CPU
		{58E5FD37-E5AA-4E87-9896-2B4EDCEDDEC7}.Debug|Any CPU.Build.0 = Debug|Any CPU
		{58E5FD37-E5AA-4E87-9896-2B4EDCEDDEC7}.Debug|x64.ActiveCfg = Debug|Any CPU
		{58E5FD37-E5AA-4E87-9896-2B4EDCEDDEC7}.Debug|x64.Build.0 = Debug|Any CPU
		{58E5FD37-E5AA-4E87-9896-2B4EDCEDDEC7}.Debug|x86.ActiveCfg = Debug|Any CPU
		{58E5FD37-E5AA-4E87-9896-2B4EDCEDDEC7}.Debug|x86.Build.0 = Debug|Any CPU
		{58E5FD37-E5AA-4E87-9896-2B4EDCEDDEC7}.Release|Any CPU.ActiveCfg = Release|Any CPU
		{58E5FD37-E5AA-4E87-9896-2B4EDCEDDEC7}.Release|Any CPU.Build.0 = Release|Any CPU
		{58E5FD37-E5AA-4E87-9896-2B4EDCEDDEC7}.Release|x64.ActiveCfg = Release|Any CPU
		{58E5FD37-E5AA-4E87-9896-2B4EDCEDDEC7}.Release|x64.Build.0 = Release|Any CPU
		{58E5FD37-E5AA-4E87-9896-2B4EDCEDDEC7}.Release|x86.ActiveCfg = Release|Any CPU
		{58E5FD37-E5AA-4E87-9896-2B4EDCEDDEC7}.Release|x86.Build.0 = Release|Any CPU
		{5BEF888A-15AB-EB41-B3A4-6D1854098DEE}.Debug|Any CPU.ActiveCfg = Debug|Any CPU
		{5BEF888A-15AB-EB41-B3A4-6D1854098DEE}.Debug|Any CPU.Build.0 = Debug|Any CPU
		{5BEF888A-15AB-EB41-B3A4-6D1854098DEE}.Debug|x64.ActiveCfg = Debug|Any CPU
		{5BEF888A-15AB-EB41-B3A4-6D1854098DEE}.Debug|x64.Build.0 = Debug|Any CPU
		{5BEF888A-15AB-EB41-B3A4-6D1854098DEE}.Debug|x86.ActiveCfg = Debug|Any CPU
		{5BEF888A-15AB-EB41-B3A4-6D1854098DEE}.Debug|x86.Build.0 = Debug|Any CPU
		{5BEF888A-15AB-EB41-B3A4-6D1854098DEE}.Release|Any CPU.ActiveCfg = Release|Any CPU
		{5BEF888A-15AB-EB41-B3A4-6D1854098DEE}.Release|Any CPU.Build.0 = Release|Any CPU
		{5BEF888A-15AB-EB41-B3A4-6D1854098DEE}.Release|x64.ActiveCfg = Release|Any CPU
		{5BEF888A-15AB-EB41-B3A4-6D1854098DEE}.Release|x64.Build.0 = Release|Any CPU
		{5BEF888A-15AB-EB41-B3A4-6D1854098DEE}.Release|x86.ActiveCfg = Release|Any CPU
		{5BEF888A-15AB-EB41-B3A4-6D1854098DEE}.Release|x86.Build.0 = Release|Any CPU
		{8FBA0DC8-721C-82EF-8E19-371640A93E83}.Debug|Any CPU.ActiveCfg = Debug|Any CPU
		{8FBA0DC8-721C-82EF-8E19-371640A93E83}.Debug|Any CPU.Build.0 = Debug|Any CPU
		{8FBA0DC8-721C-82EF-8E19-371640A93E83}.Debug|x64.ActiveCfg = Debug|Any CPU
		{8FBA0DC8-721C-82EF-8E19-371640A93E83}.Debug|x64.Build.0 = Debug|Any CPU
		{8FBA0DC8-721C-82EF-8E19-371640A93E83}.Debug|x86.ActiveCfg = Debug|Any CPU
		{8FBA0DC8-721C-82EF-8E19-371640A93E83}.Debug|x86.Build.0 = Debug|Any CPU
		{8FBA0DC8-721C-82EF-8E19-371640A93E83}.Release|Any CPU.ActiveCfg = Release|Any CPU
		{8FBA0DC8-721C-82EF-8E19-371640A93E83}.Release|Any CPU.Build.0 = Release|Any CPU
		{8FBA0DC8-721C-82EF-8E19-371640A93E83}.Release|x64.ActiveCfg = Release|Any CPU
		{8FBA0DC8-721C-82EF-8E19-371640A93E83}.Release|x64.Build.0 = Release|Any CPU
		{8FBA0DC8-721C-82EF-8E19-371640A93E83}.Release|x86.ActiveCfg = Release|Any CPU
		{8FBA0DC8-721C-82EF-8E19-371640A93E83}.Release|x86.Build.0 = Release|Any CPU
		{DBFD19E4-A07E-36ED-5D65-CBE95FCC0EF9}.Debug|Any CPU.ActiveCfg = Debug|Any CPU
		{DBFD19E4-A07E-36ED-5D65-CBE95FCC0EF9}.Debug|Any CPU.Build.0 = Debug|Any CPU
		{DBFD19E4-A07E-36ED-5D65-CBE95FCC0EF9}.Debug|x64.ActiveCfg = Debug|Any CPU
		{DBFD19E4-A07E-36ED-5D65-CBE95FCC0EF9}.Debug|x64.Build.0 = Debug|Any CPU
		{DBFD19E4-A07E-36ED-5D65-CBE95FCC0EF9}.Debug|x86.ActiveCfg = Debug|Any CPU
		{DBFD19E4-A07E-36ED-5D65-CBE95FCC0EF9}.Debug|x86.Build.0 = Debug|Any CPU
		{DBFD19E4-A07E-36ED-5D65-CBE95FCC0EF9}.Release|Any CPU.ActiveCfg = Release|Any CPU
		{DBFD19E4-A07E-36ED-5D65-CBE95FCC0EF9}.Release|Any CPU.Build.0 = Release|Any CPU
		{DBFD19E4-A07E-36ED-5D65-CBE95FCC0EF9}.Release|x64.ActiveCfg = Release|Any CPU
		{DBFD19E4-A07E-36ED-5D65-CBE95FCC0EF9}.Release|x64.Build.0 = Release|Any CPU
		{DBFD19E4-A07E-36ED-5D65-CBE95FCC0EF9}.Release|x86.ActiveCfg = Release|Any CPU
		{DBFD19E4-A07E-36ED-5D65-CBE95FCC0EF9}.Release|x86.Build.0 = Release|Any CPU
	EndGlobalSection
	GlobalSection(SolutionProperties) = preSolution
		HideSolutionNode = FALSE
	EndGlobalSection
	GlobalSection(NestedProjects) = preSolution
		{3BDD4316-39B9-4397-8A7C-1365AB41744E} = {98568DFC-C3F2-493F-B7D3-AB60ADD52109}
		{C3EA6873-C425-4C54-9376-B3F4109422B0} = {1BC93C81-6044-469C-9FBB-686EDE4F9B22}
		{58E5FD37-E5AA-4E87-9896-2B4EDCEDDEC7} = {1BC93C81-6044-469C-9FBB-686EDE4F9B22}
		{5BEF888A-15AB-EB41-B3A4-6D1854098DEE} = {B16FF820-6746-4B8A-BD07-5982D5308BEC}
		{8FBA0DC8-721C-82EF-8E19-371640A93E83} = {1BC93C81-6044-469C-9FBB-686EDE4F9B22}
	EndGlobalSection
	GlobalSection(ExtensibilityGlobals) = postSolution
		SolutionGuid = {37030651-E23E-420A-87C1-D67F116BC963}
	EndGlobalSection
EndGlobal
